
Microsoft Visual Studio Solution File, Format Version 12.00
# Visual Studio Version 17
VisualStudioVersion = 17.11.35222.181
MinimumVisualStudioVersion = 10.0.40219.1
Project("{FAE04EC0-301F-11D3-BF4B-00C04F79EFBC}") = "EnterpriseAPI", "EnterpriseAPI\EnterpriseAPI.csproj", "{05889D34-0873-4399-AA9C-D032148CC649}"
EndProject
Global
	GlobalSection(SolutionConfigurationPlatforms) = preSolution
		Debug|Any CPU = Debug|Any CPU
		Release|Any CPU = Release|Any CPU
	EndGlobalSection
	GlobalSection(ProjectConfigurationPlatforms) = postSolution
		{05889D34-0873-4399-AA9C-D032148CC649}.Debug|Any CPU.ActiveCfg = Debug|Any CPU
		{05889D34-0873-4399-AA9C-D032148CC649}.Debug|Any CPU.Build.0 = Debug|Any CPU
		{05889D34-0873-4399-AA9C-D032148CC649}.Release|Any CPU.ActiveCfg = Release|Any CPU
		{05889D34-0873-4399-AA9C-D032148CC649}.Release|Any CPU.Build.0 = Release|Any CPU
	EndGlobalSection
	GlobalSection(SolutionProperties) = preSolution
		HideSolutionNode = FALSE
	EndGlobalSection
	GlobalSection(ExtensibilityGlobals) = postSolution
		SolutionGuid = {FEC2EB56-D65A-49FD-9EA0-75AE04D2CADB}
	EndGlobalSection
EndGlobal
